
Microsoft Visual Studio Solution File, Format Version 12.00
# Visual Studio 15
VisualStudioVersion = 15.0.28307.1913
MinimumVisualStudioVersion = 10.0.40219.1
Project("{FAE04EC0-301F-11D3-BF4B-00C04F79EFBC}") = "BookShop_Phutiphachr", "BookShop_Phutiphachr\BookShop_Phutiphachr.csproj", "{DF12F5BC-8428-4AB8-9C1C-41F900091F06}"
EndProject
Global
	GlobalSection(SolutionConfigurationPlatforms) = preSolution
		Debug|Any CPU = Debug|Any CPU
		Release|Any CPU = Release|Any CPU
	EndGlobalSection
	GlobalSection(ProjectConfigurationPlatforms) = postSolution
		{DF12F5BC-8428-4AB8-9C1C-41F900091F06}.Debug|Any CPU.ActiveCfg = Debug|Any CPU
		{DF12F5BC-8428-4AB8-9C1C-41F900091F06}.Debug|Any CPU.Build.0 = Debug|Any CPU
		{DF12F5BC-8428-4AB8-9C1C-41F900091F06}.Release|Any CPU.ActiveCfg = Release|Any CPU
		{DF12F5BC-8428-4AB8-9C1C-41F900091F06}.Release|Any CPU.Build.0 = Release|Any CPU
	EndGlobalSection
	GlobalSection(SolutionProperties) = preSolution
		HideSolutionNode = FALSE
	EndGlobalSection
	GlobalSection(ExtensibilityGlobals) = postSolution
		SolutionGuid = {48E6FF72-1BFC-4C31-974C-0D813220CED5}
	EndGlobalSection
EndGlobal
